
Microsoft Visual Studio Solution File, Format Version 12.00
# Visual Studio Version 16
VisualStudioVersion = 16.0.29102.190
MinimumVisualStudioVersion = 10.0.40219.1
Project("{9A19103F-16F7-4668-BE54-9A1E7A4F7556}") = "Tti.Estate.Web", "src\Tti.Estate.Web\Tti.Estate.Web.csproj", "{D8C573B3-02D5-4223-90B7-4C66644BB43A}"
EndProject
Project("{9A19103F-16F7-4668-BE54-9A1E7A4F7556}") = "Tti.Estate.Data", "src\Tti.Estate.Data\Tti.Estate.Data.csproj", "{1EFCF611-CA67-4E90-B738-A16D718F3B49}"
EndProject
Project("{9A19103F-16F7-4668-BE54-9A1E7A4F7556}") = "Tti.Estate.Business", "src\Tti.Estate.Business\Tti.Estate.Business.csproj", "{B96B8776-7824-4FA6-8266-07973B2A55F0}"
EndProject
Project("{9A19103F-16F7-4668-BE54-9A1E7A4F7556}") = "Tti.Estate.Infrastructure", "src\Tti.Estate.Infrastructure\Tti.Estate.Infrastructure.csproj", "{FB76B666-D9F7-4725-9EFA-2D08D703B5FE}"
EndProject
Project("{9A19103F-16F7-4668-BE54-9A1E7A4F7556}") = "Tti.Estate.Data.Tests", "test\Tti.Estate.Data.Tests\Tti.Estate.Data.Tests.csproj", "{CAF9C32C-E537-412A-A35A-3683772A352A}"
EndProject
Project("{2150E333-8FDC-42A3-9474-1A3956D46DE8}") = "Tests", "Tests", "{32F76EB3-0E43-4237-A0D1-1A1B84F55318}"
EndProject
Project("{2150E333-8FDC-42A3-9474-1A3956D46DE8}") = "Publicar", "Publicar", "{0B3B1E46-6847-4914-A220-3CA5D4E51F39}"
	ProjectSection(SolutionItems) = preProject
		src\Publicacion.zip = src\Publicacion.zip
		src\Publicacion\appsettings.Development.json = src\Publicacion\appsettings.Development.json
		src\Publicacion\appsettings.json = src\Publicacion\appsettings.json
		src\Publicacion\appsettings.Production.json = src\Publicacion\appsettings.Production.json
		src\Publicacion\AutoMapper.dll = src\Publicacion\AutoMapper.dll
		src\Publicacion\AutoMapper.Extensions.Microsoft.DependencyInjection.dll = src\Publicacion\AutoMapper.Extensions.Microsoft.DependencyInjection.dll
		src\Publicacion\dotnet-aspnet-codegenerator-design.dll = src\Publicacion\dotnet-aspnet-codegenerator-design.dll
		src\Publicacion\libman.json = src\Publicacion\libman.json
		src\Publicacion\Microsoft.CodeAnalysis.CSharp.Workspaces.dll = src\Publicacion\Microsoft.CodeAnalysis.CSharp.Workspaces.dll
		src\Publicacion\Microsoft.CodeAnalysis.Workspaces.dll = src\Publicacion\Microsoft.CodeAnalysis.Workspaces.dll
		src\Publicacion\Microsoft.EntityFrameworkCore.Abstractions.dll = src\Publicacion\Microsoft.EntityFrameworkCore.Abstractions.dll
		src\Publicacion\Microsoft.EntityFrameworkCore.dll = src\Publicacion\Microsoft.EntityFrameworkCore.dll
		src\Publicacion\Microsoft.EntityFrameworkCore.Relational.dll = src\Publicacion\Microsoft.EntityFrameworkCore.Relational.dll
		src\Publicacion\Microsoft.EntityFrameworkCore.SqlServer.dll = src\Publicacion\Microsoft.EntityFrameworkCore.SqlServer.dll
		src\Publicacion\Microsoft.VisualStudio.Web.CodeGeneration.Contracts.dll = src\Publicacion\Microsoft.VisualStudio.Web.CodeGeneration.Contracts.dll
		src\Publicacion\Microsoft.VisualStudio.Web.CodeGeneration.Core.dll = src\Publicacion\Microsoft.VisualStudio.Web.CodeGeneration.Core.dll
		src\Publicacion\Microsoft.VisualStudio.Web.CodeGeneration.dll = src\Publicacion\Microsoft.VisualStudio.Web.CodeGeneration.dll
		src\Publicacion\Microsoft.VisualStudio.Web.CodeGeneration.EntityFrameworkCore.dll = src\Publicacion\Microsoft.VisualStudio.Web.CodeGeneration.EntityFrameworkCore.dll
		src\Publicacion\Microsoft.VisualStudio.Web.CodeGeneration.Templating.dll = src\Publicacion\Microsoft.VisualStudio.Web.CodeGeneration.Templating.dll
		src\Publicacion\Microsoft.VisualStudio.Web.CodeGeneration.Utils.dll = src\Publicacion\Microsoft.VisualStudio.Web.CodeGeneration.Utils.dll
		src\Publicacion\Microsoft.VisualStudio.Web.CodeGenerators.Mvc.dll = src\Publicacion\Microsoft.VisualStudio.Web.CodeGenerators.Mvc.dll
		src\Publicacion\Microsoft.WindowsAzure.Storage.dll = src\Publicacion\Microsoft.WindowsAzure.Storage.dll
		src\Publicacion\NuGet.Frameworks.dll = src\Publicacion\NuGet.Frameworks.dll
		src\Publicacion\Remotion.Linq.dll = src\Publicacion\Remotion.Linq.dll
		src\Publicacion\SkiaSharp.dll = src\Publicacion\SkiaSharp.dll
		src\Publicacion\System.Composition.AttributedModel.dll = src\Publicacion\System.Composition.AttributedModel.dll
		src\Publicacion\System.Composition.Convention.dll = src\Publicacion\System.Composition.Convention.dll
		src\Publicacion\System.Composition.Hosting.dll = src\Publicacion\System.Composition.Hosting.dll
		src\Publicacion\System.Composition.Runtime.dll = src\Publicacion\System.Composition.Runtime.dll
		src\Publicacion\System.Composition.TypedParts.dll = src\Publicacion\System.Composition.TypedParts.dll
		src\Publicacion\System.Interactive.Async.dll = src\Publicacion\System.Interactive.Async.dll
		src\Publicacion\Tti.Estate.Business.dll = src\Publicacion\Tti.Estate.Business.dll
		src\Publicacion\Tti.Estate.Business.pdb = src\Publicacion\Tti.Estate.Business.pdb
		src\Publicacion\Tti.Estate.Data.dll = src\Publicacion\Tti.Estate.Data.dll
		src\Publicacion\Tti.Estate.Data.pdb = src\Publicacion\Tti.Estate.Data.pdb
		src\Publicacion\Tti.Estate.Infrastructure.dll = src\Publicacion\Tti.Estate.Infrastructure.dll
		src\Publicacion\Tti.Estate.Infrastructure.pdb = src\Publicacion\Tti.Estate.Infrastructure.pdb
		src\Publicacion\Tti.Estate.Web.deps.json = src\Publicacion\Tti.Estate.Web.deps.json
		src\Publicacion\Tti.Estate.Web.dll = src\Publicacion\Tti.Estate.Web.dll
		src\Publicacion\Tti.Estate.Web.pdb = src\Publicacion\Tti.Estate.Web.pdb
		src\Publicacion\Tti.Estate.Web.runtimeconfig.json = src\Publicacion\Tti.Estate.Web.runtimeconfig.json
		src\Publicacion\Tti.Estate.Web.Views.dll = src\Publicacion\Tti.Estate.Web.Views.dll
		src\Publicacion\Tti.Estate.Web.Views.pdb = src\Publicacion\Tti.Estate.Web.Views.pdb
		src\Publicacion\web.config = src\Publicacion\web.config
	EndProjectSection
EndProject
Global
	GlobalSection(SolutionConfigurationPlatforms) = preSolution
		Debug|Any CPU = Debug|Any CPU
		Release|Any CPU = Release|Any CPU
	EndGlobalSection
	GlobalSection(ProjectConfigurationPlatforms) = postSolution
		{D8C573B3-02D5-4223-90B7-4C66644BB43A}.Debug|Any CPU.ActiveCfg = Debug|Any CPU
		{D8C573B3-02D5-4223-90B7-4C66644BB43A}.Debug|Any CPU.Build.0 = Debug|Any CPU
		{D8C573B3-02D5-4223-90B7-4C66644BB43A}.Release|Any CPU.ActiveCfg = Release|Any CPU
		{D8C573B3-02D5-4223-90B7-4C66644BB43A}.Release|Any CPU.Build.0 = Release|Any CPU
		{1EFCF611-CA67-4E90-B738-A16D718F3B49}.Debug|Any CPU.ActiveCfg = Debug|Any CPU
		{1EFCF611-CA67-4E90-B738-A16D718F3B49}.Debug|Any CPU.Build.0 = Debug|Any CPU
		{1EFCF611-CA67-4E90-B738-A16D718F3B49}.Release|Any CPU.ActiveCfg = Release|Any CPU
		{1EFCF611-CA67-4E90-B738-A16D718F3B49}.Release|Any CPU.Build.0 = Release|Any CPU
		{B96B8776-7824-4FA6-8266-07973B2A55F0}.Debug|Any CPU.ActiveCfg = Debug|Any CPU
		{B96B8776-7824-4FA6-8266-07973B2A55F0}.Debug|Any CPU.Build.0 = Debug|Any CPU
		{B96B8776-7824-4FA6-8266-07973B2A55F0}.Release|Any CPU.ActiveCfg = Release|Any CPU
		{B96B8776-7824-4FA6-8266-07973B2A55F0}.Release|Any CPU.Build.0 = Release|Any CPU
		{FB76B666-D9F7-4725-9EFA-2D08D703B5FE}.Debug|Any CPU.ActiveCfg = Debug|Any CPU
		{FB76B666-D9F7-4725-9EFA-2D08D703B5FE}.Debug|Any CPU.Build.0 = Debug|Any CPU
		{FB76B666-D9F7-4725-9EFA-2D08D703B5FE}.Release|Any CPU.ActiveCfg = Release|Any CPU
		{FB76B666-D9F7-4725-9EFA-2D08D703B5FE}.Release|Any CPU.Build.0 = Release|Any CPU
		{CAF9C32C-E537-412A-A35A-3683772A352A}.Debug|Any CPU.ActiveCfg = Debug|Any CPU
		{CAF9C32C-E537-412A-A35A-3683772A352A}.Debug|Any CPU.Build.0 = Debug|Any CPU
		{CAF9C32C-E537-412A-A35A-3683772A352A}.Release|Any CPU.ActiveCfg = Release|Any CPU
		{CAF9C32C-E537-412A-A35A-3683772A352A}.Release|Any CPU.Build.0 = Release|Any CPU
	EndGlobalSection
	GlobalSection(SolutionProperties) = preSolution
		HideSolutionNode = FALSE
	EndGlobalSection
	GlobalSection(NestedProjects) = preSolution
		{CAF9C32C-E537-412A-A35A-3683772A352A} = {32F76EB3-0E43-4237-A0D1-1A1B84F55318}
	EndGlobalSection
	GlobalSection(ExtensibilityGlobals) = postSolution
		SolutionGuid = {2D7B46B0-76AA-42D3-857B-9563004D3132}
	EndGlobalSection
EndGlobal
